{
  "nodes": {
    "flake-utils": {
      "inputs": {
        "systems": "systems"
      },
      "locked": {
        "lastModified": 1710146030,
        "narHash": "sha256-SZ5L6eA7HJ/nmkzGG7/ISclqe6oZdOZTNoesiInkXPQ=",
        "owner": "numtide",
        "repo": "flake-utils",
        "rev": "b1d9ab70662946ef0850d488da1c9019f3a9752a",
        "type": "github"
      },
      "original": {
        "id": "flake-utils",
        "type": "indirect"
      }
    },
    "nixpkgs": {
      "locked": {
        "lastModified": 1711659517,
        "narHash": "sha256-giUZ1zxOHKeJZOSHvKvbimOv0TheGl4M8Eu7FgPdR/o=",
        "owner": "NixOS",
        "repo": "nixpkgs",
        "rev": "867036f7c0a13a06d54efb707675e5751acf8ede",
        "type": "github"
      },
      "original": {
        "owner": "NixOS",
        "ref": "nixos-unstable-small",
        "repo": "nixpkgs",
        "type": "github"
      }
    },
    "nixpkgs_2": {
      "locked": {
        "lastModified": 1711659517,
        "narHash": "sha256-giUZ1zxOHKeJZOSHvKvbimOv0TheGl4M8Eu7FgPdR/o=",
        "owner": "NixOS",
        "repo": "nixpkgs",
        "rev": "867036f7c0a13a06d54efb707675e5751acf8ede",
        "type": "github"
      },
      "original": {
        "owner": "NixOS",
        "ref": "nixos-unstable-small",
        "repo": "nixpkgs",
        "type": "github"
      }
    },
    "nixpkgs_3": {
      "locked": {
        "lastModified": 1711624657,
        "narHash": "sha256-IViG6BKCJY/I6oRNfAANf/QitYylepQSCzgam0TF+bs=",
        "owner": "NixOS",
        "repo": "nixpkgs",
        "rev": "72c6ed328aa4e5d9151b1a512f6ad83aca7529fa",
        "type": "github"
      },
      "original": {
        "id": "nixpkgs",
        "type": "indirect"
      }
    },
    "root": {
      "inputs": {
        "flake-utils": "flake-utils",
        "nixpkgs": "nixpkgs",
        "taserud-theme-albatross": "taserud-theme-albatross"
      }
    },
    "systems": {
      "locked": {
        "lastModified": 1681028828,
        "narHash": "sha256-Vy1rq5AaRuLzOxct8nz4T6wlgyUR7zLU309k9mBC768=",
        "owner": "nix-systems",
        "repo": "default",
        "rev": "da67096a3b9bf56a91d16901293e51ba5b49a27e",
        "type": "github"
      },
      "original": {
        "owner": "nix-systems",
        "repo": "default",
        "type": "github"
      }
    },
    "taserud-theme-albatross": {
      "inputs": {
        "flake-utils": [
          "flake-utils"
        ],
        "nixpkgs": "nixpkgs_2",
        "web-iso-flags": "web-iso-flags"
      },
      "locked": {
        "lastModified": 1711676778,
        "narHash": "sha256-iCgL73gPyJ/sR3/Kvl4Xw9BitgJAPi09aka9NcLflB8=",
        "owner": "TaserudConsulting",
        "repo": "theme-albatross",
        "rev": "f54c33c28610e7d626af0cad0d0b98b39c6e2792",
        "type": "github"
      },
      "original": {
        "owner": "TaserudConsulting",
        "repo": "theme-albatross",
        "type": "github"
      }
    },
    "web-iso-flags": {
      "inputs": {
        "flake-utils": [
          "taserud-theme-albatross",
          "flake-utils"
        ],
        "nixpkgs": "nixpkgs_3"
      },
      "locked": {
        "lastModified": 1711674306,
        "narHash": "sha256-7x7Ll1XVw4p3rxe1a/LdqVkCZiJxSDFdhct3H8eHn7U=",
        "owner": "TaserudConsulting",
        "repo": "web-iso-flags",
        "rev": "9247f893413b82a81dcca9f0f82611cbb7addefd",
        "type": "github"
      },
      "original": {
        "owner": "TaserudConsulting",
        "repo": "web-iso-flags",
        "type": "github"
      }
    }
  },
  "root": "root",
  "version": 7
}
