{
  "nodes": {
    "_3dmodels": {
      "inputs": {
        "flake-utils": [
          "flake-utils"
        ],
        "nixpkgs": "nixpkgs"
      },
      "locked": {
        "lastModified": 1722539447,
        "narHash": "sha256-r/6TMpXBnWay+GmWAw0UDAiqOb0l+pBWb+4bcAiXudA=",
        "owner": "etu",
        "repo": "3d-models",
        "rev": "08f1acc8e035cd1bbc4b48be51b28497153c1230",
        "type": "github"
      },
      "original": {
        "owner": "etu",
        "repo": "3d-models",
        "type": "github"
      }
    },
    "flake-utils": {
      "inputs": {
        "systems": "systems"
      },
      "locked": {
        "lastModified": 1710146030,
        "narHash": "sha256-SZ5L6eA7HJ/nmkzGG7/ISclqe6oZdOZTNoesiInkXPQ=",
        "owner": "numtide",
        "repo": "flake-utils",
        "rev": "b1d9ab70662946ef0850d488da1c9019f3a9752a",
        "type": "github"
      },
      "original": {
        "id": "flake-utils",
        "type": "indirect"
      }
    },
    "nixpkgs": {
      "locked": {
        "lastModified": 1720149507,
        "narHash": "sha256-OFJoD1jjxzFlY1tAsehEWVA88DbU5smzDPQuu9SmnXY=",
        "owner": "NixOS",
        "repo": "nixpkgs",
        "rev": "d9c0b9d611277e42e6db055636ba0409c59db6d2",
        "type": "github"
      },
      "original": {
        "owner": "NixOS",
        "ref": "nixpkgs-unstable",
        "repo": "nixpkgs",
        "type": "github"
      }
    },
    "nixpkgs_2": {
      "locked": {
        "lastModified": 1725183711,
        "narHash": "sha256-gkjg8FfjL92azt3gzZUm1+v+U4y+wbQE630uIf4Aybo=",
        "owner": "NixOS",
        "repo": "nixpkgs",
        "rev": "a2c345850e5e1d96c62e7fa8ca6c9d77ebad1c37",
        "type": "github"
      },
      "original": {
        "owner": "NixOS",
        "ref": "nixos-unstable-small",
        "repo": "nixpkgs",
        "type": "github"
      }
    },
    "nixpkgs_3": {
      "locked": {
        "lastModified": 1725183711,
        "narHash": "sha256-gkjg8FfjL92azt3gzZUm1+v+U4y+wbQE630uIf4Aybo=",
        "owner": "NixOS",
        "repo": "nixpkgs",
        "rev": "a2c345850e5e1d96c62e7fa8ca6c9d77ebad1c37",
        "type": "github"
      },
      "original": {
        "owner": "NixOS",
        "ref": "nixos-unstable-small",
        "repo": "nixpkgs",
        "type": "github"
      }
    },
    "nixpkgs_4": {
      "locked": {
        "lastModified": 1725161990,
        "narHash": "sha256-/ZeccCYM71zfJ17gEQ0U/XzJr4kN0VXUiUeJ2mKxLJU=",
        "owner": "NixOS",
        "repo": "nixpkgs",
        "rev": "4a9443e2a4e06cbaff89056b5cdf6777c1fe5755",
        "type": "github"
      },
      "original": {
        "id": "nixpkgs",
        "type": "indirect"
      }
    },
    "root": {
      "inputs": {
        "_3dmodels": "_3dmodels",
        "flake-utils": "flake-utils",
        "nixpkgs": "nixpkgs_2",
        "taserud-theme-albatross": "taserud-theme-albatross"
      }
    },
    "systems": {
      "locked": {
        "lastModified": 1681028828,
        "narHash": "sha256-Vy1rq5AaRuLzOxct8nz4T6wlgyUR7zLU309k9mBC768=",
        "owner": "nix-systems",
        "repo": "default",
        "rev": "da67096a3b9bf56a91d16901293e51ba5b49a27e",
        "type": "github"
      },
      "original": {
        "owner": "nix-systems",
        "repo": "default",
        "type": "github"
      }
    },
    "taserud-theme-albatross": {
      "inputs": {
        "flake-utils": [
          "flake-utils"
        ],
        "nixpkgs": "nixpkgs_3",
        "web-iso-flags": "web-iso-flags"
      },
      "locked": {
        "lastModified": 1725240790,
        "narHash": "sha256-yMVabR8vUtaYdZRHDhezwIWZAcQ3AV+qLjRuBSSUZiI=",
        "owner": "TaserudConsulting",
        "repo": "theme-albatross",
        "rev": "c6b13988eafc8a89602eb71e81b6f27dea3a7e46",
        "type": "github"
      },
      "original": {
        "owner": "TaserudConsulting",
        "repo": "theme-albatross",
        "type": "github"
      }
    },
    "web-iso-flags": {
      "inputs": {
        "flake-utils": [
          "taserud-theme-albatross",
          "flake-utils"
        ],
        "nixpkgs": "nixpkgs_4"
      },
      "locked": {
        "lastModified": 1725236578,
        "narHash": "sha256-VhOUQXgJs1jIS6cWlZ6Bgy+nlzLAi7LSMXioX85ysjw=",
        "owner": "TaserudConsulting",
        "repo": "web-iso-flags",
        "rev": "60e946cf3ddf2fecbc7b07dc557084bcd08eb259",
        "type": "github"
      },
      "original": {
        "owner": "TaserudConsulting",
        "repo": "web-iso-flags",
        "type": "github"
      }
    }
  },
  "root": "root",
  "version": 7
}
