{
  "nodes": {
    "_3dmodels": {
      "inputs": {
        "blender-nixpkgs": "blender-nixpkgs",
        "flake-utils": [
          "flake-utils"
        ],
        "nixpkgs": "nixpkgs"
      },
      "locked": {
        "lastModified": 1732966122,
        "narHash": "sha256-bNEvF0MCv98iK+E9TNCMJSeHvdLvUYwbj6B8/VWx06A=",
        "owner": "etu",
        "repo": "3d-models",
        "rev": "68f6724bf9be1df56bdb61f3d41087c54e4d73c7",
        "type": "github"
      },
      "original": {
        "owner": "etu",
        "repo": "3d-models",
        "type": "github"
      }
    },
    "blender-nixpkgs": {
      "locked": {
        "lastModified": 1720149507,
        "narHash": "sha256-OFJoD1jjxzFlY1tAsehEWVA88DbU5smzDPQuu9SmnXY=",
        "owner": "NixOS",
        "repo": "nixpkgs",
        "rev": "d9c0b9d611277e42e6db055636ba0409c59db6d2",
        "type": "github"
      },
      "original": {
        "owner": "NixOS",
        "repo": "nixpkgs",
        "rev": "d9c0b9d611277e42e6db055636ba0409c59db6d2",
        "type": "github"
      }
    },
    "flake-utils": {
      "inputs": {
        "systems": "systems"
      },
      "locked": {
        "lastModified": 1731533236,
        "narHash": "sha256-l0KFg5HjrsfsO/JpG+r7fRrqm12kzFHyUHqHCVpMMbI=",
        "owner": "numtide",
        "repo": "flake-utils",
        "rev": "11707dc2f618dd54ca8739b309ec4fc024de578b",
        "type": "github"
      },
      "original": {
        "id": "flake-utils",
        "type": "indirect"
      }
    },
    "nixpkgs": {
      "locked": {
        "lastModified": 1732780316,
        "narHash": "sha256-NskLIz0ue4Uqbza+1+8UGHuPVr8DrUiLfZu5VS4VQxw=",
        "owner": "NixOS",
        "repo": "nixpkgs",
        "rev": "226216574ada4c3ecefcbbec41f39ce4655f78ef",
        "type": "github"
      },
      "original": {
        "owner": "NixOS",
        "ref": "nixpkgs-unstable",
        "repo": "nixpkgs",
        "type": "github"
      }
    },
    "nixpkgs_2": {
      "locked": {
        "lastModified": 1733426878,
        "narHash": "sha256-boWvvAttPEXJbi5TiRqRuLE78mic+asXrCpcEm9XIK8=",
        "owner": "NixOS",
        "repo": "nixpkgs",
        "rev": "21e9e52183fd52452c26a1d7957b0299a37fa83a",
        "type": "github"
      },
      "original": {
        "owner": "NixOS",
        "ref": "nixos-unstable-small",
        "repo": "nixpkgs",
        "type": "github"
      }
    },
    "nixpkgs_3": {
      "locked": {
        "lastModified": 1733426878,
        "narHash": "sha256-boWvvAttPEXJbi5TiRqRuLE78mic+asXrCpcEm9XIK8=",
        "owner": "NixOS",
        "repo": "nixpkgs",
        "rev": "21e9e52183fd52452c26a1d7957b0299a37fa83a",
        "type": "github"
      },
      "original": {
        "owner": "NixOS",
        "ref": "nixos-unstable-small",
        "repo": "nixpkgs",
        "type": "github"
      }
    },
    "nixpkgs_4": {
      "locked": {
        "lastModified": 1733229606,
        "narHash": "sha256-FLYY5M0rpa5C2QAE3CKLYAM6TwbKicdRK6qNrSHlNrE=",
        "owner": "NixOS",
        "repo": "nixpkgs",
        "rev": "566e53c2ad750c84f6d31f9ccb9d00f823165550",
        "type": "github"
      },
      "original": {
        "id": "nixpkgs",
        "type": "indirect"
      }
    },
    "root": {
      "inputs": {
        "_3dmodels": "_3dmodels",
        "flake-utils": "flake-utils",
        "nixpkgs": "nixpkgs_2",
        "taserud-theme-albatross": "taserud-theme-albatross"
      }
    },
    "systems": {
      "locked": {
        "lastModified": 1681028828,
        "narHash": "sha256-Vy1rq5AaRuLzOxct8nz4T6wlgyUR7zLU309k9mBC768=",
        "owner": "nix-systems",
        "repo": "default",
        "rev": "da67096a3b9bf56a91d16901293e51ba5b49a27e",
        "type": "github"
      },
      "original": {
        "owner": "nix-systems",
        "repo": "default",
        "type": "github"
      }
    },
    "taserud-theme-albatross": {
      "inputs": {
        "flake-utils": [
          "flake-utils"
        ],
        "nixpkgs": "nixpkgs_3",
        "web-iso-flags": "web-iso-flags"
      },
      "locked": {
        "lastModified": 1733448838,
        "narHash": "sha256-osA8F8VA9I7tvY1NJM1feWcECBFKnx6nGiSZd+fK4qk=",
        "owner": "TaserudConsulting",
        "repo": "theme-albatross",
        "rev": "a3c5cb26a28a50b58be86e603177d5266403edab",
        "type": "github"
      },
      "original": {
        "owner": "TaserudConsulting",
        "repo": "theme-albatross",
        "type": "github"
      }
    },
    "web-iso-flags": {
      "inputs": {
        "flake-utils": [
          "taserud-theme-albatross",
          "flake-utils"
        ],
        "nixpkgs": "nixpkgs_4"
      },
      "locked": {
        "lastModified": 1733444752,
        "narHash": "sha256-JwqjGCSoK1MxjIu3Pl7qEj+NewcWPmXP2JejWIpRSx4=",
        "owner": "TaserudConsulting",
        "repo": "web-iso-flags",
        "rev": "3c6a972fba3212595517b2ee236e92733f7a1f30",
        "type": "github"
      },
      "original": {
        "owner": "TaserudConsulting",
        "repo": "web-iso-flags",
        "type": "github"
      }
    }
  },
  "root": "root",
  "version": 7
}
